
Microsoft Visual Studio Solution File, Format Version 12.00
# Visual Studio Version 17
VisualStudioVersion = 17.5.002.0
MinimumVisualStudioVersion = 10.0.40219.1
Project("{9A19103F-16F7-4668-BE54-9A1E7A4F7556}") = "CalculatorTests", "CalculatorTests\CalculatorTests.csproj", "{8E8821E7-33EA-4D5F-A2A1-E324DDCD0B35}"
EndProject
Project("{9A19103F-16F7-4668-BE54-9A1E7A4F7556}") = "Calculator", "Calculator\Calculator.csproj", "{287261B5-A2C2-4858-88F4-4FF086C523A8}"
EndProject
Global
	GlobalSection(SolutionConfigurationPlatforms) = preSolution
		Debug|Any CPU = Debug|Any CPU
		Release|Any CPU = Release|Any CPU
	EndGlobalSection
	GlobalSection(ProjectConfigurationPlatforms) = postSolution
		{8E8821E7-33EA-4D5F-A2A1-E324DDCD0B35}.Debug|Any CPU.ActiveCfg = Debug|Any CPU
		{8E8821E7-33EA-4D5F-A2A1-E324DDCD0B35}.Debug|Any CPU.Build.0 = Debug|Any CPU
		{8E8821E7-33EA-4D5F-A2A1-E324DDCD0B35}.Release|Any CPU.ActiveCfg = Release|Any CPU
		{8E8821E7-33EA-4D5F-A2A1-E324DDCD0B35}.Release|Any CPU.Build.0 = Release|Any CPU
		{287261B5-A2C2-4858-88F4-4FF086C523A8}.Debug|Any CPU.ActiveCfg = Debug|Any CPU
		{287261B5-A2C2-4858-88F4-4FF086C523A8}.Debug|Any CPU.Build.0 = Debug|Any CPU
		{287261B5-A2C2-4858-88F4-4FF086C523A8}.Release|Any CPU.ActiveCfg = Release|Any CPU
		{287261B5-A2C2-4858-88F4-4FF086C523A8}.Release|Any CPU.Build.0 = Release|Any CPU
	EndGlobalSection
	GlobalSection(SolutionProperties) = preSolution
		HideSolutionNode = FALSE
	EndGlobalSection
	GlobalSection(ExtensibilityGlobals) = postSolution
		SolutionGuid = {28316C46-A9E7-4754-B92A-0E79E9F06D65}
	EndGlobalSection
EndGlobal
